<Solution>
  <Folder Name="/src/">
    <Project Path="src/Velora.Api/Velora.Api.csproj" />
    <Project Path="src/Velora.Application/Velora.Application.csproj" />
    <Project Path="src/Velora.Domain/Velora.Domain.csproj" />
  </Folder>
  <Folder Name="/tests/">
    <Project Path="tests/Velora.Domain.UnitTests/Velora.Domain.UnitTests.csproj" />
  </Folder>
</Solution>
